
Microsoft Visual Studio Solution File, Format Version 12.00
# Visual Studio Version 17
VisualStudioVersion = 17.5.33502.453
MinimumVisualStudioVersion = 10.0.40219.1
Project("{FAE04EC0-301F-11D3-BF4B-00C04F79EFBC}") = "GymUsers", "GymUsers.csproj", "{D5B1CCD7-BA86-48B7-A76E-B40CB3749C6E}"
EndProject
Global
	GlobalSection(SolutionConfigurationPlatforms) = preSolution
		Debug|Any CPU = Debug|Any CPU
		Release|Any CPU = Release|Any CPU
	EndGlobalSection
	GlobalSection(ProjectConfigurationPlatforms) = postSolution
		{D5B1CCD7-BA86-48B7-A76E-B40CB3749C6E}.Debug|Any CPU.ActiveCfg = Debug|Any CPU
		{D5B1CCD7-BA86-48B7-A76E-B40CB3749C6E}.Debug|Any CPU.Build.0 = Debug|Any CPU
		{D5B1CCD7-BA86-48B7-A76E-B40CB3749C6E}.Release|Any CPU.ActiveCfg = Release|Any CPU
		{D5B1CCD7-BA86-48B7-A76E-B40CB3749C6E}.Release|Any CPU.Build.0 = Release|Any CPU
	EndGlobalSection
	GlobalSection(SolutionProperties) = preSolution
		HideSolutionNode = FALSE
	EndGlobalSection
	GlobalSection(ExtensibilityGlobals) = postSolution
		SolutionGuid = {276D55AA-4DE8-4D22-8F76-1B2F55625096}
	EndGlobalSection
EndGlobal
